# This file is automatically @generated by Cargo.
# It is not intended for manual editing.
[[package]]
name = "bit_reverse"
version = "0.1.8"
source = "registry+https://github.com/rust-lang/crates.io-index"
checksum = "99528ca30abb9495c7e106bf7c3177b257c62040fc0f2909fe470b0f43097296"

[[package]]
name = "chipcalc_native_rust"
version = "0.1.0"
dependencies = [
 "bit_reverse",
]
